
Microsoft Visual Studio Solution File, Format Version 12.00
Project("{FAE04EC0-301F-11D3-BF4B-00C04F79EFBC}") = "MyApp01", "MyApp01\MyApp01.csproj", "{FFEA5287-D735-450A-8691-E80E16E7EFC5}"
EndProject
Global
	GlobalSection(SolutionConfigurationPlatforms) = preSolution
		Debug|Any CPU = Debug|Any CPU
		Release|Any CPU = Release|Any CPU
	EndGlobalSection
	GlobalSection(ProjectConfigurationPlatforms) = postSolution
		{FFEA5287-D735-450A-8691-E80E16E7EFC5}.Debug|Any CPU.ActiveCfg = Debug|Any CPU
		{FFEA5287-D735-450A-8691-E80E16E7EFC5}.Debug|Any CPU.Build.0 = Debug|Any CPU
		{FFEA5287-D735-450A-8691-E80E16E7EFC5}.Release|Any CPU.ActiveCfg = Release|Any CPU
		{FFEA5287-D735-450A-8691-E80E16E7EFC5}.Release|Any CPU.Build.0 = Release|Any CPU
	EndGlobalSection
EndGlobal
